// !$*UTF8*$!
{
	archiveVersion = 1;
	classes = {
	};
	objectVersion = 46;
	objects = {

/* Begin PBXBuildFile section */
		2CB0DA6F1656AD1D00A7CB27 /* UIKit.framework in Frameworks */ = {isa = PBXBuildFile; fileRef = 2CB0DA6E1656AD1D00A7CB27 /* UIKit.framework */; };
		2CB0DA711656AD1D00A7CB27 /* Foundation.framework in Frameworks */ = {isa = PBXBuildFile; fileRef = 2CB0DA701656AD1D00A7CB27 /* Foundation.framework */; };
		2CB0DA731656AD1D00A7CB27 /* CoreGraphics.framework in Frameworks */ = {isa = PBXBuildFile; fileRef = 2CB0DA721656AD1D00A7CB27 /* CoreGraphics.framework */; };
		2CB0DA791656AD1D00A7CB27 /* InfoPlist.strings in Resources */ = {isa = PBXBuildFile; fileRef = 2CB0DA771656AD1D00A7CB27 /* InfoPlist.strings */; };
		2CB0DA7B1656AD1D00A7CB27 /* main.m in Sources */ = {isa = PBXBuildFile; fileRef = 2CB0DA7A1656AD1D00A7CB27 /* main.m */; };
		2CB0DA7F1656AD1D00A7CB27 /* SegueAppDelegate.m in Sources */ = {isa = PBXBuildFile; fileRef = 2CB0DA7E1656AD1D00A7CB27 /* SegueAppDelegate.m */; };
		2CB0DA811656AD1D00A7CB27 /* Default.png in Resources */ = {isa = PBXBuildFile; fileRef = 2CB0DA801656AD1D00A7CB27 /* Default.png */; };
		2CB0DA831656AD1D00A7CB27 /* Default@2x.png in Resources */ = {isa = PBXBuildFile; fileRef = 2CB0DA821656AD1D00A7CB27 /* Default@2x.png */; };
		2CB0DA851656AD1D00A7CB27 /* Default-568h@2x.png in Resources */ = {isa = PBXBuildFile; fileRef = 2CB0DA841656AD1D00A7CB27 /* Default-568h@2x.png */; };
		2CB0DA881656AD1D00A7CB27 /* MainStoryboard.storyboard in Resources */ = {isa = PBXBuildFile; fileRef = 2CB0DA861656AD1D00A7CB27 /* MainStoryboard.storyboard */; };
		2CB0DA931656B16100A7CB27 /* SegueViewController.m in Sources */ = {isa = PBXBuildFile; fileRef = 2CB0DA921656B16100A7CB27 /* SegueViewController.m */; };
		2CB0DA9A1656BB3B00A7CB27 /* SecondViewController.m in Sources */ = {isa = PBXBuildFile; fileRef = 2CB0DA991656BB3B00A7CB27 /* SecondViewController.m */; };
		2CB0DA9D1656C02600A7CB27 /* ThirdViewController.m in Sources */ = {isa = PBXBuildFile; fileRef = 2CB0DA9C1656C02600A7CB27 /* ThirdViewController.m */; };
/* End PBXBuildFile section */

/* Begin PBXFileReference section */
		2CB0DA6A1656AD1D00A7CB27 /* segues.app */ = {isa = PBXFileReference; explicitFileType = wrapper.application; includeInIndex = 0; path = segues.app; sourceTree = BUILT_PRODUCTS_DIR; };
		2CB0DA6E1656AD1D00A7CB27 /* UIKit.framework */ = {isa = PBXFileReference; lastKnownFileType = wrapper.framework; name = UIKit.framework; path = System/Library/Frameworks/UIKit.framework; sourceTree = SDKROOT; };
		2CB0DA701656AD1D00A7CB27 /* Foundation.framework */ = {isa = PBXFileReference; lastKnownFileType = wrapper.framework; name = Foundation.framework; path = System/Library/Frameworks/Foundation.framework; sourceTree = SDKROOT; };
		2CB0DA721656AD1D00A7CB27 /* CoreGraphics.framework */ = {isa = PBXFileReference; lastKnownFileType = wrapper.framework; name = CoreGraphics.framework; path = System/Library/Frameworks/CoreGraphics.framework; sourceTree = SDKROOT; };
		2CB0DA761656AD1D00A7CB27 /* segues-Info.plist */ = {isa = PBXFileReference; lastKnownFileType = text.plist.xml; path = "segues-Info.plist"; sourceTree = "<group>"; };
		2CB0DA781656AD1D00A7CB27 /* en */ = {isa = PBXFileReference; lastKnownFileType = text.plist.strings; name = en; path = en.lproj/InfoPlist.strings; sourceTree = "<group>"; };
		2CB0DA7A1656AD1D00A7CB27 /* main.m */ = {isa = PBXFileReference; lastKnownFileType = sourcecode.c.objc; path = main.m; sourceTree = "<group>"; };
		2CB0DA7C1656AD1D00A7CB27 /* segues-Prefix.pch */ = {isa = PBXFileReference; lastKnownFileType = sourcecode.c.h; path = "segues-Prefix.pch"; sourceTree = "<group>"; };
		2CB0DA7D1656AD1D00A7CB27 /* SegueAppDelegate.h */ = {isa = PBXFileReference; lastKnownFileType = sourcecode.c.h; path = SegueAppDelegate.h; sourceTree = "<group>"; };
		2CB0DA7E1656AD1D00A7CB27 /* SegueAppDelegate.m */ = {isa = PBXFileReference; lastKnownFileType = sourcecode.c.objc; path = SegueAppDelegate.m; sourceTree = "<group>"; };
		2CB0DA801656AD1D00A7CB27 /* Default.png */ = {isa = PBXFileReference; lastKnownFileType = image.png; path = Default.png; sourceTree = "<group>"; };
		2CB0DA821656AD1D00A7CB27 /* Default@2x.png */ = {isa = PBXFileReference; lastKnownFileType = image.png; path = "Default@2x.png"; sourceTree = "<group>"; };
		2CB0DA841656AD1D00A7CB27 /* Default-568h@2x.png */ = {isa = PBXFileReference; lastKnownFileType = image.png; path = "Default-568h@2x.png"; sourceTree = "<group>"; };
		2CB0DA871656AD1D00A7CB27 /* en */ = {isa = PBXFileReference; lastKnownFileType = file.storyboard; name = en; path = en.lproj/MainStoryboard.storyboard; sourceTree = "<group>"; };
		2CB0DA911656B16100A7CB27 /* SegueViewController.h */ = {isa = PBXFileReference; fileEncoding = 4; lastKnownFileType = sourcecode.c.h; name = SegueViewController.h; path = segues/SegueViewController.h; sourceTree = "<group>"; };
		2CB0DA921656B16100A7CB27 /* SegueViewController.m */ = {isa = PBXFileReference; fileEncoding = 4; lastKnownFileType = sourcecode.c.objc; name = SegueViewController.m; path = segues/SegueViewController.m; sourceTree = "<group>"; };
		2CB0DA981656BB3B00A7CB27 /* SecondViewController.h */ = {isa = PBXFileReference; fileEncoding = 4; lastKnownFileType = sourcecode.c.h; name = SecondViewController.h; path = segues/SecondViewController.h; sourceTree = "<group>"; };
		2CB0DA991656BB3B00A7CB27 /* SecondViewController.m */ = {isa = PBXFileReference; fileEncoding = 4; lastKnownFileType = sourcecode.c.objc; name = SecondViewController.m; path = segues/SecondViewController.m; sourceTree = "<group>"; };
		2CB0DA9B1656C02600A7CB27 /* ThirdViewController.h */ = {isa = PBXFileReference; fileEncoding = 4; lastKnownFileType = sourcecode.c.h; path = ThirdViewController.h; sourceTree = "<group>"; };
		2CB0DA9C1656C02600A7CB27 /* ThirdViewController.m */ = {isa = PBXFileReference; fileEncoding = 4; lastKnownFileType = sourcecode.c.objc; path = ThirdViewController.m; sourceTree = "<group>"; };
/* End PBXFileReference section */

/* Begin PBXFrameworksBuildPhase section */
		2CB0DA671656AD1D00A7CB27 /* Frameworks */ = {
			isa = PBXFrameworksBuildPhase;
			buildActionMask = 2147483647;
			files = (
				2CB0DA6F1656AD1D00A7CB27 /* UIKit.framework in Frameworks */,
				2CB0DA711656AD1D00A7CB27 /* Foundation.framework in Frameworks */,
				2CB0DA731656AD1D00A7CB27 /* CoreGraphics.framework in Frameworks */,
			);
			runOnlyForDeploymentPostprocessing = 0;
		};
/* End PBXFrameworksBuildPhase section */

/* Begin PBXGroup section */
		2CB0DA5F1656AD1D00A7CB27 = {
			isa = PBXGroup;
			children = (
				2CB0DA911656B16100A7CB27 /* SegueViewController.h */,
				2CB0DA921656B16100A7CB27 /* SegueViewController.m */,
				2CB0DA981656BB3B00A7CB27 /* SecondViewController.h */,
				2CB0DA991656BB3B00A7CB27 /* SecondViewController.m */,
				2CB0DA741656AD1D00A7CB27 /* segues */,
				2CB0DA6D1656AD1D00A7CB27 /* Frameworks */,
				2CB0DA6B1656AD1D00A7CB27 /* Products */,
			);
			sourceTree = "<group>";
		};
		2CB0DA6B1656AD1D00A7CB27 /* Products */ = {
			isa = PBXGroup;
			children = (
				2CB0DA6A1656AD1D00A7CB27 /* segues.app */,
			);
			name = Products;
			sourceTree = "<group>";
		};
		2CB0DA6D1656AD1D00A7CB27 /* Frameworks */ = {
			isa = PBXGroup;
			children = (
				2CB0DA6E1656AD1D00A7CB27 /* UIKit.framework */,
				2CB0DA701656AD1D00A7CB27 /* Foundation.framework */,
				2CB0DA721656AD1D00A7CB27 /* CoreGraphics.framework */,
			);
			name = Frameworks;
			sourceTree = "<group>";
		};
		2CB0DA741656AD1D00A7CB27 /* segues */ = {
			isa = PBXGroup;
			children = (
				2CB0DA7D1656AD1D00A7CB27 /* SegueAppDelegate.h */,
				2CB0DA7E1656AD1D00A7CB27 /* SegueAppDelegate.m */,
				2CB0DA861656AD1D00A7CB27 /* MainStoryboard.storyboard */,
				2CB0DA9B1656C02600A7CB27 /* ThirdViewController.h */,
				2CB0DA9C1656C02600A7CB27 /* ThirdViewController.m */,
				2CB0DA751656AD1D00A7CB27 /* Supporting Files */,
			);
			path = segues;
			sourceTree = "<group>";
		};
		2CB0DA751656AD1D00A7CB27 /* Supporting Files */ = {
			isa = PBXGroup;
			children = (
				2CB0DA761656AD1D00A7CB27 /* segues-Info.plist */,
				2CB0DA771656AD1D00A7CB27 /* InfoPlist.strings */,
				2CB0DA7A1656AD1D00A7CB27 /* main.m */,
				2CB0DA7C1656AD1D00A7CB27 /* segues-Prefix.pch */,
				2CB0DA801656AD1D00A7CB27 /* Default.png */,
				2CB0DA821656AD1D00A7CB27 /* Default@2x.png */,
				2CB0DA841656AD1D00A7CB27 /* Default-568h@2x.png */,
			);
			name = "Supporting Files";
			sourceTree = "<group>";
		};
/* End PBXGroup section */

/* Begin PBXNativeTarget section */
		2CB0DA691656AD1D00A7CB27 /* segues */ = {
			isa = PBXNativeTarget;
			buildConfigurationList = 2CB0DA8E1656AD1D00A7CB27 /* Build configuration list for PBXNativeTarget "segues" */;
			buildPhases = (
				2CB0DA661656AD1D00A7CB27 /* Sources */,
				2CB0DA671656AD1D00A7CB27 /* Frameworks */,
				2CB0DA681656AD1D00A7CB27 /* Resources */,
			);
			buildRules = (
			);
			dependencies = (
			);
			name = segues;
			productName = segues;
			productReference = 2CB0DA6A1656AD1D00A7CB27 /* segues.app */;
			productType = "com.apple.product-type.application";
		};
/* End PBXNativeTarget section */

/* Begin PBXProject section */
		2CB0DA611656AD1D00A7CB27 /* Project object */ = {
			isa = PBXProject;
			attributes = {
				CLASSPREFIX = Segue;
				LastUpgradeCheck = 0450;
				ORGANIZATIONNAME = "Erick Custodio";
			};
			buildConfigurationList = 2CB0DA641656AD1D00A7CB27 /* Build configuration list for PBXProject "segues" */;
			compatibilityVersion = "Xcode 3.2";
			developmentRegion = English;
			hasScannedForEncodings = 0;
			knownRegions = (
				en,
			);
			mainGroup = 2CB0DA5F1656AD1D00A7CB27;
			productRefGroup = 2CB0DA6B1656AD1D00A7CB27 /* Products */;
			projectDirPath = "";
			projectRoot = "";
			targets = (
				2CB0DA691656AD1D00A7CB27 /* segues */,
			);
		};
/* End PBXProject section */

/* Begin PBXResourcesBuildPhase section */
		2CB0DA681656AD1D00A7CB27 /* Resources */ = {
			isa = PBXResourcesBuildPhase;
			buildActionMask = 2147483647;
			files = (
				2CB0DA791656AD1D00A7CB27 /* InfoPlist.strings in Resources */,
				2CB0DA811656AD1D00A7CB27 /* Default.png in Resources */,
				2CB0DA831656AD1D00A7CB27 /* Default@2x.png in Resources */,
				2CB0DA851656AD1D00A7CB27 /* Default-568h@2x.png in Resources */,
				2CB0DA881656AD1D00A7CB27 /* MainStoryboard.storyboard in Resources */,
			);
			runOnlyForDeploymentPostprocessing = 0;
		};
/* End PBXResourcesBuildPhase section */

/* Begin PBXSourcesBuildPhase section */
		2CB0DA661656AD1D00A7CB27 /* Sources */ = {
			isa = PBXSourcesBuildPhase;
			buildActionMask = 2147483647;
			files = (
				2CB0DA7B1656AD1D00A7CB27 /* main.m in Sources */,
				2CB0DA7F1656AD1D00A7CB27 /* SegueAppDelegate.m in Sources */,
				2CB0DA931656B16100A7CB27 /* SegueViewController.m in Sources */,
				2CB0DA9A1656BB3B00A7CB27 /* SecondViewController.m in Sources */,
				2CB0DA9D1656C02600A7CB27 /* ThirdViewController.m in Sources */,
			);
			runOnlyForDeploymentPostprocessing = 0;
		};
/* End PBXSourcesBuildPhase section */

/* Begin PBXVariantGroup section */
		2CB0DA771656AD1D00A7CB27 /* InfoPlist.strings */ = {
			isa = PBXVariantGroup;
			children = (
				2CB0DA781656AD1D00A7CB27 /* en */,
			);
			name = InfoPlist.strings;
			sourceTree = "<group>";
		};
		2CB0DA861656AD1D00A7CB27 /* MainStoryboard.storyboard */ = {
			isa = PBXVariantGroup;
			children = (
				2CB0DA871656AD1D00A7CB27 /* en */,
			);
			name = MainStoryboard.storyboard;
			sourceTree = "<group>";
		};
/* End PBXVariantGroup section */

/* Begin XCBuildConfiguration section */
		2CB0DA8C1656AD1D00A7CB27 /* Debug */ = {
			isa = XCBuildConfiguration;
			buildSettings = {
				ALWAYS_SEARCH_USER_PATHS = NO;
				CLANG_CXX_LANGUAGE_STANDARD = "gnu++0x";
				CLANG_CXX_LIBRARY = "libc++";
				CLANG_ENABLE_OBJC_ARC = YES;
				CLANG_WARN_EMPTY_BODY = YES;
				CLANG_WARN__DUPLICATE_METHOD_MATCH = YES;
				"CODE_SIGN_IDENTITY[sdk=iphoneos*]" = "iPhone Developer";
				COPY_PHASE_STRIP = NO;
				GCC_C_LANGUAGE_STANDARD = gnu99;
				GCC_DYNAMIC_NO_PIC = NO;
				GCC_OPTIMIZATION_LEVEL = 0;
				GCC_PREPROCESSOR_DEFINITIONS = (
					"DEBUG=1",
					"$(inherited)",
				);
				GCC_SYMBOLS_PRIVATE_EXTERN = NO;
				GCC_WARN_ABOUT_RETURN_TYPE = YES;
				GCC_WARN_UNINITIALIZED_AUTOS = YES;
				GCC_WARN_UNUSED_VARIABLE = YES;
				IPHONEOS_DEPLOYMENT_TARGET = 6.0;
				ONLY_ACTIVE_ARCH = YES;
				SDKROOT = iphoneos;
			};
			name = Debug;
		};
		2CB0DA8D1656AD1D00A7CB27 /* Release */ = {
			isa = XCBuildConfiguration;
			buildSettings = {
				ALWAYS_SEARCH_USER_PATHS = NO;
				CLANG_CXX_LANGUAGE_STANDARD = "gnu++0x";
				CLANG_CXX_LIBRARY = "libc++";
				CLANG_ENABLE_OBJC_ARC = YES;
				CLANG_WARN_EMPTY_BODY = YES;
				CLANG_WARN__DUPLICATE_METHOD_MATCH = YES;
				"CODE_SIGN_IDENTITY[sdk=iphoneos*]" = "iPhone Developer";
				COPY_PHASE_STRIP = YES;
				GCC_C_LANGUAGE_STANDARD = gnu99;
				GCC_WARN_ABOUT_RETURN_TYPE = YES;
				GCC_WARN_UNINITIALIZED_AUTOS = YES;
				GCC_WARN_UNUSED_VARIABLE = YES;
				IPHONEOS_DEPLOYMENT_TARGET = 6.0;
				OTHER_CFLAGS = "-DNS_BLOCK_ASSERTIONS=1";
				SDKROOT = iphoneos;
				VALIDATE_PRODUCT = YES;
			};
			name = Release;
		};
		2CB0DA8F1656AD1D00A7CB27 /* Debug */ = {
			isa = XCBuildConfiguration;
			buildSettings = {
				GCC_PRECOMPILE_PREFIX_HEADER = YES;
				GCC_PREFIX_HEADER = "segues/segues-Prefix.pch";
				INFOPLIST_FILE = "segues/segues-Info.plist";
				PRODUCT_NAME = "$(TARGET_NAME)";
				WRAPPER_EXTENSION = app;
			};
			name = Debug;
		};
		2CB0DA901656AD1D00A7CB27 /* Release */ = {
			isa = XCBuildConfiguration;
			buildSettings = {
				GCC_PRECOMPILE_PREFIX_HEADER = YES;
				GCC_PREFIX_HEADER = "segues/segues-Prefix.pch";
				INFOPLIST_FILE = "segues/segues-Info.plist";
				PRODUCT_NAME = "$(TARGET_NAME)";
				WRAPPER_EXTENSION = app;
			};
			name = Release;
		};
/* End XCBuildConfiguration section */

/* Begin XCConfigurationList section */
		2CB0DA641656AD1D00A7CB27 /* Build configuration list for PBXProject "segues" */ = {
			isa = XCConfigurationList;
			buildConfigurations = (
				2CB0DA8C1656AD1D00A7CB27 /* Debug */,
				2CB0DA8D1656AD1D00A7CB27 /* Release */,
			);
			defaultConfigurationIsVisible = 0;
			defaultConfigurationName = Release;
		};
		2CB0DA8E1656AD1D00A7CB27 /* Build configuration list for PBXNativeTarget "segues" */ = {
			isa = XCConfigurationList;
			buildConfigurations = (
				2CB0DA8F1656AD1D00A7CB27 /* Debug */,
				2CB0DA901656AD1D00A7CB27 /* Release */,
			);
			defaultConfigurationIsVisible = 0;
		};
/* End XCConfigurationList section */
	};
	rootObject = 2CB0DA611656AD1D00A7CB27 /* Project object */;
}
